// !$*UTF8*$!
{
	archiveVersion = 1;
	classes = {
	};
	objectVersion = 77;
	objects = {

/* Begin PBXBuildFile section */
		86A8500F2E5E1C6A00855176 /* MockSwiftDataService.swift in Sources */ = {isa = PBXBuildFile; fileRef = 86A8500E2E5E1C6A00855176 /* MockSwiftDataService.swift */; };
		86A850112E5E1CB500855176 /* ProductDataViewModelTests.swift in Sources */ = {isa = PBXBuildFile; fileRef = 86A850102E5E1CB500855176 /* ProductDataViewModelTests.swift */; };
		86A850132E5E214C00855176 /* MockProductService.swift in Sources */ = {isa = PBXBuildFile; fileRef = 86A850122E5E214C00855176 /* MockProductService.swift */; };
		86A850152E5E216B00855176 /* ProductViewModel-Tests.swift in Sources */ = {isa = PBXBuildFile; fileRef = 86A850142E5E216B00855176 /* ProductViewModel-Tests.swift */; };
/* End PBXBuildFile section */

/* Begin PBXContainerItemProxy section */
		86A84FFA2E5CDC6F00855176 /* PBXContainerItemProxy */ = {
			isa = PBXContainerItemProxy;
			containerPortal = 86A84E042E4D11FD00855176 /* Project object */;
			proxyType = 1;
			remoteGlobalIDString = 86A84E0B2E4D11FD00855176;
			remoteInfo = APIActivity;
		};
/* End PBXContainerItemProxy section */

/* Begin PBXFileReference section */
		86A84E0C2E4D11FD00855176 /* APIActivity.app */ = {isa = PBXFileReference; explicitFileType = wrapper.application; includeInIndex = 0; path = APIActivity.app; sourceTree = BUILT_PRODUCTS_DIR; };
		86A84FF62E5CDC6F00855176 /* APIActivityTests.xctest */ = {isa = PBXFileReference; explicitFileType = wrapper.cfbundle; includeInIndex = 0; path = APIActivityTests.xctest; sourceTree = BUILT_PRODUCTS_DIR; };
		86A8500E2E5E1C6A00855176 /* MockSwiftDataService.swift */ = {isa = PBXFileReference; lastKnownFileType = sourcecode.swift; path = MockSwiftDataService.swift; sourceTree = SOURCE_ROOT; };
		86A850102E5E1CB500855176 /* ProductDataViewModelTests.swift */ = {isa = PBXFileReference; lastKnownFileType = sourcecode.swift; path = ProductDataViewModelTests.swift; sourceTree = SOURCE_ROOT; };
		86A850122E5E214C00855176 /* MockProductService.swift */ = {isa = PBXFileReference; lastKnownFileType = sourcecode.swift; path = MockProductService.swift; sourceTree = SOURCE_ROOT; };
		86A850142E5E216B00855176 /* ProductViewModel-Tests.swift */ = {isa = PBXFileReference; lastKnownFileType = sourcecode.swift; path = "ProductViewModel-Tests.swift"; sourceTree = SOURCE_ROOT; };
/* End PBXFileReference section */

/* Begin PBXFileSystemSynchronizedRootGroup section */
		86A84E0E2E4D11FD00855176 /* APIActivity */ = {
			isa = PBXFileSystemSynchronizedRootGroup;
			path = APIActivity;
			sourceTree = "<group>";
		};
/* End PBXFileSystemSynchronizedRootGroup section */

/* Begin PBXFrameworksBuildPhase section */
		86A84E092E4D11FD00855176 /* Frameworks */ = {
			isa = PBXFrameworksBuildPhase;
			buildActionMask = 2147483647;
			files = (
			);
			runOnlyForDeploymentPostprocessing = 0;
		};
		86A84FF32E5CDC6F00855176 /* Frameworks */ = {
			isa = PBXFrameworksBuildPhase;
			buildActionMask = 2147483647;
			files = (
			);
			runOnlyForDeploymentPostprocessing = 0;
		};
/* End PBXFrameworksBuildPhase section */

/* Begin PBXGroup section */
		86A84E032E4D11FD00855176 = {
			isa = PBXGroup;
			children = (
				86A8500D2E5E1C3200855176 /* APIActivityTests */,
				86A84E0E2E4D11FD00855176 /* APIActivity */,
				86A84E0D2E4D11FD00855176 /* Products */,
			);
			sourceTree = "<group>";
		};
		86A84E0D2E4D11FD00855176 /* Products */ = {
			isa = PBXGroup;
			children = (
				86A84E0C2E4D11FD00855176 /* APIActivity.app */,
				86A84FF62E5CDC6F00855176 /* APIActivityTests.xctest */,
			);
			name = Products;
			sourceTree = "<group>";
		};
		86A8500D2E5E1C3200855176 /* APIActivityTests */ = {
			isa = PBXGroup;
			children = (
				86A8500E2E5E1C6A00855176 /* MockSwiftDataService.swift */,
				86A850102E5E1CB500855176 /* ProductDataViewModelTests.swift */,
				86A850122E5E214C00855176 /* MockProductService.swift */,
				86A850142E5E216B00855176 /* ProductViewModel-Tests.swift */,
			);
			path = APIActivityTests;
			sourceTree = "<group>";
		};
/* End PBXGroup section */

/* Begin PBXNativeTarget section */
		86A84E0B2E4D11FD00855176 /* APIActivity */ = {
			isa = PBXNativeTarget;
			buildConfigurationList = 86A84E172E4D11FD00855176 /* Build configuration list for PBXNativeTarget "APIActivity" */;
			buildPhases = (
				86A84E082E4D11FD00855176 /* Sources */,
				86A84E092E4D11FD00855176 /* Frameworks */,
				86A84E0A2E4D11FD00855176 /* Resources */,
			);
			buildRules = (
			);
			dependencies = (
			);
			fileSystemSynchronizedGroups = (
				86A84E0E2E4D11FD00855176 /* APIActivity */,
			);
			name = APIActivity;
			packageProductDependencies = (
			);
			productName = APIActivity;
			productReference = 86A84E0C2E4D11FD00855176 /* APIActivity.app */;
			productType = "com.apple.product-type.application";
		};
		86A84FF52E5CDC6F00855176 /* APIActivityTests */ = {
			isa = PBXNativeTarget;
			buildConfigurationList = 86A84FFC2E5CDC6F00855176 /* Build configuration list for PBXNativeTarget "APIActivityTests" */;
			buildPhases = (
				86A84FF22E5CDC6F00855176 /* Sources */,
				86A84FF32E5CDC6F00855176 /* Frameworks */,
				86A84FF42E5CDC6F00855176 /* Resources */,
			);
			buildRules = (
			);
			dependencies = (
				86A84FFB2E5CDC6F00855176 /* PBXTargetDependency */,
			);
			name = APIActivityTests;
			packageProductDependencies = (
			);
			productName = APIActivityTests;
			productReference = 86A84FF62E5CDC6F00855176 /* APIActivityTests.xctest */;
			productType = "com.apple.product-type.bundle.unit-test";
		};
/* End PBXNativeTarget section */

/* Begin PBXProject section */
		86A84E042E4D11FD00855176 /* Project object */ = {
			isa = PBXProject;
			attributes = {
				BuildIndependentTargetsInParallel = 1;
				LastSwiftUpdateCheck = 1640;
				LastUpgradeCheck = 1640;
				TargetAttributes = {
					86A84E0B2E4D11FD00855176 = {
						CreatedOnToolsVersion = 16.4;
					};
					86A84FF52E5CDC6F00855176 = {
						CreatedOnToolsVersion = 16.4;
						LastSwiftMigration = 1640;
						TestTargetID = 86A84E0B2E4D11FD00855176;
					};
				};
			};
			buildConfigurationList = 86A84E072E4D11FD00855176 /* Build configuration list for PBXProject "APIActivity" */;
			developmentRegion = en;
			hasScannedForEncodings = 0;
			knownRegions = (
				en,
				Base,
				"pt-BR",
			);
			mainGroup = 86A84E032E4D11FD00855176;
			minimizedProjectReferenceProxies = 1;
			preferredProjectObjectVersion = 77;
			productRefGroup = 86A84E0D2E4D11FD00855176 /* Products */;
			projectDirPath = "";
			projectRoot = "";
			targets = (
				86A84E0B2E4D11FD00855176 /* APIActivity */,
				86A84FF52E5CDC6F00855176 /* APIActivityTests */,
			);
		};
/* End PBXProject section */

/* Begin PBXResourcesBuildPhase section */
		86A84E0A2E4D11FD00855176 /* Resources */ = {
			isa = PBXResourcesBuildPhase;
			buildActionMask = 2147483647;
			files = (
			);
			runOnlyForDeploymentPostprocessing = 0;
		};
		86A84FF42E5CDC6F00855176 /* Resources */ = {
			isa = PBXResourcesBuildPhase;
			buildActionMask = 2147483647;
			files = (
			);
			runOnlyForDeploymentPostprocessing = 0;
		};
/* End PBXResourcesBuildPhase section */

/* Begin PBXSourcesBuildPhase section */
		86A84E082E4D11FD00855176 /* Sources */ = {
			isa = PBXSourcesBuildPhase;
			buildActionMask = 2147483647;
			files = (
			);
			runOnlyForDeploymentPostprocessing = 0;
		};
		86A84FF22E5CDC6F00855176 /* Sources */ = {
			isa = PBXSourcesBuildPhase;
			buildActionMask = 2147483647;
			files = (
				86A850152E5E216B00855176 /* ProductViewModel-Tests.swift in Sources */,
				86A850112E5E1CB500855176 /* ProductDataViewModelTests.swift in Sources */,
				86A850132E5E214C00855176 /* MockProductService.swift in Sources */,
				86A8500F2E5E1C6A00855176 /* MockSwiftDataService.swift in Sources */,
			);
			runOnlyForDeploymentPostprocessing = 0;
		};
/* End PBXSourcesBuildPhase section */

/* Begin PBXTargetDependency section */
		86A84FFB2E5CDC6F00855176 /* PBXTargetDependency */ = {
			isa = PBXTargetDependency;
			target = 86A84E0B2E4D11FD00855176 /* APIActivity */;
			targetProxy = 86A84FFA2E5CDC6F00855176 /* PBXContainerItemProxy */;
		};
/* End PBXTargetDependency section */

/* Begin XCBuildConfiguration section */
		86A84E152E4D11FD00855176 /* Debug */ = {
			isa = XCBuildConfiguration;
			buildSettings = {
				ALWAYS_SEARCH_USER_PATHS = NO;
				ASSETCATALOG_COMPILER_GENERATE_SWIFT_ASSET_SYMBOL_EXTENSIONS = YES;
				CLANG_ANALYZER_NONNULL = YES;
				CLANG_ANALYZER_NUMBER_OBJECT_CONVERSION = YES_AGGRESSIVE;
				CLANG_CXX_LANGUAGE_STANDARD = "gnu++20";
				CLANG_ENABLE_MODULES = YES;
				CLANG_ENABLE_OBJC_ARC = YES;
				CLANG_ENABLE_OBJC_WEAK = YES;
				CLANG_WARN_BLOCK_CAPTURE_AUTORELEASING = YES;
				CLANG_WARN_BOOL_CONVERSION = YES;
				CLANG_WARN_COMMA = YES;
				CLANG_WARN_CONSTANT_CONVERSION = YES;
				CLANG_WARN_DEPRECATED_OBJC_IMPLEMENTATIONS = YES;
				CLANG_WARN_DIRECT_OBJC_ISA_USAGE = YES_ERROR;
				CLANG_WARN_DOCUMENTATION_COMMENTS = YES;
				CLANG_WARN_EMPTY_BODY = YES;
				CLANG_WARN_ENUM_CONVERSION = YES;
				CLANG_WARN_INFINITE_RECURSION = YES;
				CLANG_WARN_INT_CONVERSION = YES;
				CLANG_WARN_NON_LITERAL_NULL_CONVERSION = YES;
				CLANG_WARN_OBJC_IMPLICIT_RETAIN_SELF = YES;
				CLANG_WARN_OBJC_LITERAL_CONVERSION = YES;
				CLANG_WARN_OBJC_ROOT_CLASS = YES_ERROR;
				CLANG_WARN_QUOTED_INCLUDE_IN_FRAMEWORK_HEADER = YES;
				CLANG_WARN_RANGE_LOOP_ANALYSIS = YES;
				CLANG_WARN_STRICT_PROTOTYPES = YES;
				CLANG_WARN_SUSPICIOUS_MOVE = YES;
				CLANG_WARN_UNGUARDED_AVAILABILITY = YES_AGGRESSIVE;
				CLANG_WARN_UNREACHABLE_CODE = YES;
				CLANG_WARN__DUPLICATE_METHOD_MATCH = YES;
				COPY_PHASE_STRIP = NO;
				DEBUG_INFORMATION_FORMAT = dwarf;
				ENABLE_STRICT_OBJC_MSGSEND = YES;
				ENABLE_TESTABILITY = YES;
				ENABLE_USER_SCRIPT_SANDBOXING = YES;
				GCC_C_LANGUAGE_STANDARD = gnu17;
				GCC_DYNAMIC_NO_PIC = NO;
				GCC_NO_COMMON_BLOCKS = YES;
				GCC_OPTIMIZATION_LEVEL = 0;
				GCC_PREPROCESSOR_DEFINITIONS = (
					"DEBUG=1",
					"$(inherited)",
				);
				GCC_WARN_64_TO_32_BIT_CONVERSION = YES;
				GCC_WARN_ABOUT_RETURN_TYPE = YES_ERROR;
				GCC_WARN_UNDECLARED_SELECTOR = YES;
				GCC_WARN_UNINITIALIZED_AUTOS = YES_AGGRESSIVE;
				GCC_WARN_UNUSED_FUNCTION = YES;
				GCC_WARN_UNUSED_VARIABLE = YES;
				IPHONEOS_DEPLOYMENT_TARGET = 18.5;
				LOCALIZATION_PREFERS_STRING_CATALOGS = YES;
				MTL_ENABLE_DEBUG_INFO = INCLUDE_SOURCE;
				MTL_FAST_MATH = YES;
				ONLY_ACTIVE_ARCH = YES;
				SDKROOT = iphoneos;
				SWIFT_ACTIVE_COMPILATION_CONDITIONS = "DEBUG $(inherited)";
				SWIFT_EMIT_LOC_STRINGS = YES;
				SWIFT_OPTIMIZATION_LEVEL = "-Onone";
			};
			name = Debug;
		};
		86A84E162E4D11FD00855176 /* Release */ = {
			isa = XCBuildConfiguration;
			buildSettings = {
				ALWAYS_SEARCH_USER_PATHS = NO;
				ASSETCATALOG_COMPILER_GENERATE_SWIFT_ASSET_SYMBOL_EXTENSIONS = YES;
				CLANG_ANALYZER_NONNULL = YES;
				CLANG_ANALYZER_NUMBER_OBJECT_CONVERSION = YES_AGGRESSIVE;
				CLANG_CXX_LANGUAGE_STANDARD = "gnu++20";
				CLANG_ENABLE_MODULES = YES;
				CLANG_ENABLE_OBJC_ARC = YES;
				CLANG_ENABLE_OBJC_WEAK = YES;
				CLANG_WARN_BLOCK_CAPTURE_AUTORELEASING = YES;
				CLANG_WARN_BOOL_CONVERSION = YES;
				CLANG_WARN_COMMA = YES;
				CLANG_WARN_CONSTANT_CONVERSION = YES;
				CLANG_WARN_DEPRECATED_OBJC_IMPLEMENTATIONS = YES;
				CLANG_WARN_DIRECT_OBJC_ISA_USAGE = YES_ERROR;
				CLANG_WARN_DOCUMENTATION_COMMENTS = YES;
				CLANG_WARN_EMPTY_BODY = YES;
				CLANG_WARN_ENUM_CONVERSION = YES;
				CLANG_WARN_INFINITE_RECURSION = YES;
				CLANG_WARN_INT_CONVERSION = YES;
				CLANG_WARN_NON_LITERAL_NULL_CONVERSION = YES;
				CLANG_WARN_OBJC_IMPLICIT_RETAIN_SELF = YES;
				CLANG_WARN_OBJC_LITERAL_CONVERSION = YES;
				CLANG_WARN_OBJC_ROOT_CLASS = YES_ERROR;
				CLANG_WARN_QUOTED_INCLUDE_IN_FRAMEWORK_HEADER = YES;
				CLANG_WARN_RANGE_LOOP_ANALYSIS = YES;
				CLANG_WARN_STRICT_PROTOTYPES = YES;
				CLANG_WARN_SUSPICIOUS_MOVE = YES;
				CLANG_WARN_UNGUARDED_AVAILABILITY = YES_AGGRESSIVE;
				CLANG_WARN_UNREACHABLE_CODE = YES;
				CLANG_WARN__DUPLICATE_METHOD_MATCH = YES;
				COPY_PHASE_STRIP = NO;
				DEBUG_INFORMATION_FORMAT = "dwarf-with-dsym";
				ENABLE_NS_ASSERTIONS = NO;
				ENABLE_STRICT_OBJC_MSGSEND = YES;
				ENABLE_USER_SCRIPT_SANDBOXING = YES;
				GCC_C_LANGUAGE_STANDARD = gnu17;
				GCC_NO_COMMON_BLOCKS = YES;
				GCC_WARN_64_TO_32_BIT_CONVERSION = YES;
				GCC_WARN_ABOUT_RETURN_TYPE = YES_ERROR;
				GCC_WARN_UNDECLARED_SELECTOR = YES;
				GCC_WARN_UNINITIALIZED_AUTOS = YES_AGGRESSIVE;
				GCC_WARN_UNUSED_FUNCTION = YES;
				GCC_WARN_UNUSED_VARIABLE = YES;
				IPHONEOS_DEPLOYMENT_TARGET = 18.5;
				LOCALIZATION_PREFERS_STRING_CATALOGS = YES;
				MTL_ENABLE_DEBUG_INFO = NO;
				MTL_FAST_MATH = YES;
				SDKROOT = iphoneos;
				SWIFT_COMPILATION_MODE = wholemodule;
				SWIFT_EMIT_LOC_STRINGS = YES;
				VALIDATE_PRODUCT = YES;
			};
			name = Release;
		};
		86A84E182E4D11FD00855176 /* Debug */ = {
			isa = XCBuildConfiguration;
			buildSettings = {
				ASSETCATALOG_COMPILER_APPICON_NAME = AppIcon;
				ASSETCATALOG_COMPILER_GLOBAL_ACCENT_COLOR_NAME = AccentColor;
				CODE_SIGN_STYLE = Automatic;
				CURRENT_PROJECT_VERSION = 1;
				DEVELOPMENT_TEAM = YCS6CH9YAK;
				ENABLE_PREVIEWS = YES;
				GENERATE_INFOPLIST_FILE = YES;
				INFOPLIST_KEY_UIApplicationSceneManifest_Generation = YES;
				INFOPLIST_KEY_UIApplicationSupportsIndirectInputEvents = YES;
				INFOPLIST_KEY_UILaunchScreen_Generation = YES;
				INFOPLIST_KEY_UISupportedInterfaceOrientations_iPad = "UIInterfaceOrientationPortrait UIInterfaceOrientationPortraitUpsideDown UIInterfaceOrientationLandscapeLeft UIInterfaceOrientationLandscapeRight";
				INFOPLIST_KEY_UISupportedInterfaceOrientations_iPhone = "UIInterfaceOrientationPortrait UIInterfaceOrientationLandscapeLeft UIInterfaceOrientationLandscapeRight";
				LD_RUNPATH_SEARCH_PATHS = (
					"$(inherited)",
					"@executable_path/Frameworks",
				);
				MARKETING_VERSION = 1.0;
				PRODUCT_BUNDLE_IDENTIFIER = lorenzo.APIActivity;
				PRODUCT_NAME = "$(TARGET_NAME)";
				SWIFT_EMIT_LOC_STRINGS = YES;
				SWIFT_VERSION = 5.0;
				TARGETED_DEVICE_FAMILY = "1,2";
			};
			name = Debug;
		};
		86A84E192E4D11FD00855176 /* Release */ = {
			isa = XCBuildConfiguration;
			buildSettings = {
				ASSETCATALOG_COMPILER_APPICON_NAME = AppIcon;
				ASSETCATALOG_COMPILER_GLOBAL_ACCENT_COLOR_NAME = AccentColor;
				CODE_SIGN_STYLE = Automatic;
				CURRENT_PROJECT_VERSION = 1;
				DEVELOPMENT_TEAM = YCS6CH9YAK;
				ENABLE_PREVIEWS = YES;
				GENERATE_INFOPLIST_FILE = YES;
				INFOPLIST_KEY_UIApplicationSceneManifest_Generation = YES;
				INFOPLIST_KEY_UIApplicationSupportsIndirectInputEvents = YES;
				INFOPLIST_KEY_UILaunchScreen_Generation = YES;
				INFOPLIST_KEY_UISupportedInterfaceOrientations_iPad = "UIInterfaceOrientationPortrait UIInterfaceOrientationPortraitUpsideDown UIInterfaceOrientationLandscapeLeft UIInterfaceOrientationLandscapeRight";
				INFOPLIST_KEY_UISupportedInterfaceOrientations_iPhone = "UIInterfaceOrientationPortrait UIInterfaceOrientationLandscapeLeft UIInterfaceOrientationLandscapeRight";
				LD_RUNPATH_SEARCH_PATHS = (
					"$(inherited)",
					"@executable_path/Frameworks",
				);
				MARKETING_VERSION = 1.0;
				PRODUCT_BUNDLE_IDENTIFIER = lorenzo.APIActivity;
				PRODUCT_NAME = "$(TARGET_NAME)";
				SWIFT_EMIT_LOC_STRINGS = YES;
				SWIFT_VERSION = 5.0;
				TARGETED_DEVICE_FAMILY = "1,2";
			};
			name = Release;
		};
		86A84FFD2E5CDC6F00855176 /* Debug */ = {
			isa = XCBuildConfiguration;
			buildSettings = {
				BUNDLE_LOADER = "$(TEST_HOST)";
				CLANG_ENABLE_MODULES = YES;
				CODE_SIGN_STYLE = Automatic;
				CURRENT_PROJECT_VERSION = 1;
				GENERATE_INFOPLIST_FILE = YES;
				MARKETING_VERSION = 1.0;
				PRODUCT_BUNDLE_IDENTIFIER = lorenzo.APIActivityTests;
				PRODUCT_NAME = "$(TARGET_NAME)";
				SWIFT_EMIT_LOC_STRINGS = NO;
				SWIFT_OPTIMIZATION_LEVEL = "-Onone";
				SWIFT_VERSION = 5.0;
				TARGETED_DEVICE_FAMILY = "1,2";
				TEST_HOST = "$(BUILT_PRODUCTS_DIR)/APIActivity.app/$(BUNDLE_EXECUTABLE_FOLDER_PATH)/APIActivity";
			};
			name = Debug;
		};
		86A84FFE2E5CDC6F00855176 /* Release */ = {
			isa = XCBuildConfiguration;
			buildSettings = {
				BUNDLE_LOADER = "$(TEST_HOST)";
				CLANG_ENABLE_MODULES = YES;
				CODE_SIGN_STYLE = Automatic;
				CURRENT_PROJECT_VERSION = 1;
				GENERATE_INFOPLIST_FILE = YES;
				MARKETING_VERSION = 1.0;
				PRODUCT_BUNDLE_IDENTIFIER = lorenzo.APIActivityTests;
				PRODUCT_NAME = "$(TARGET_NAME)";
				SWIFT_EMIT_LOC_STRINGS = NO;
				SWIFT_VERSION = 5.0;
				TARGETED_DEVICE_FAMILY = "1,2";
				TEST_HOST = "$(BUILT_PRODUCTS_DIR)/APIActivity.app/$(BUNDLE_EXECUTABLE_FOLDER_PATH)/APIActivity";
			};
			name = Release;
		};
/* End XCBuildConfiguration section */

/* Begin XCConfigurationList section */
		86A84E072E4D11FD00855176 /* Build configuration list for PBXProject "APIActivity" */ = {
			isa = XCConfigurationList;
			buildConfigurations = (
				86A84E152E4D11FD00855176 /* Debug */,
				86A84E162E4D11FD00855176 /* Release */,
			);
			defaultConfigurationIsVisible = 0;
			defaultConfigurationName = Release;
		};
		86A84E172E4D11FD00855176 /* Build configuration list for PBXNativeTarget "APIActivity" */ = {
			isa = XCConfigurationList;
			buildConfigurations = (
				86A84E182E4D11FD00855176 /* Debug */,
				86A84E192E4D11FD00855176 /* Release */,
			);
			defaultConfigurationIsVisible = 0;
			defaultConfigurationName = Release;
		};
		86A84FFC2E5CDC6F00855176 /* Build configuration list for PBXNativeTarget "APIActivityTests" */ = {
			isa = XCConfigurationList;
			buildConfigurations = (
				86A84FFD2E5CDC6F00855176 /* Debug */,
				86A84FFE2E5CDC6F00855176 /* Release */,
			);
			defaultConfigurationIsVisible = 0;
			defaultConfigurationName = Release;
		};
/* End XCConfigurationList section */
	};
	rootObject = 86A84E042E4D11FD00855176 /* Project object */;
}
